
Microsoft Visual Studio Solution File, Format Version 12.00
# Visual Studio Version 17
VisualStudioVersion = 17.11.35327.3
MinimumVisualStudioVersion = 10.0.40219.1
Project("{FAE04EC0-301F-11D3-BF4B-00C04F79EFBC}") = "WalletService", "WalletService\WalletService.csproj", "{70752936-4F6B-4C89-A607-DC65070B5D9A}"
EndProject
Global
	GlobalSection(SolutionConfigurationPlatforms) = preSolution
		Debug|Any CPU = Debug|Any CPU
		Release|Any CPU = Release|Any CPU
	EndGlobalSection
	GlobalSection(ProjectConfigurationPlatforms) = postSolution
		{70752936-4F6B-4C89-A607-DC65070B5D9A}.Debug|Any CPU.ActiveCfg = Debug|Any CPU
		{70752936-4F6B-4C89-A607-DC65070B5D9A}.Debug|Any CPU.Build.0 = Debug|Any CPU
		{70752936-4F6B-4C89-A607-DC65070B5D9A}.Release|Any CPU.ActiveCfg = Release|Any CPU
		{70752936-4F6B-4C89-A607-DC65070B5D9A}.Release|Any CPU.Build.0 = Release|Any CPU
	EndGlobalSection
	GlobalSection(SolutionProperties) = preSolution
		HideSolutionNode = FALSE
	EndGlobalSection
	GlobalSection(ExtensibilityGlobals) = postSolution
		SolutionGuid = {1474F6B1-C09B-443F-92BC-D164641243B4}
	EndGlobalSection
EndGlobal
